# THIS IS AN AUTOGENERATED FILE. DO NOT EDIT THIS FILE DIRECTLY.
# yarn lockfile v1


"@babel/code-frame@^7.5.5":
  version "7.8.3"
  resolved "https://registry.npm.taobao.org/@babel/code-frame/download/@babel/code-frame-7.8.3.tgz#33e25903d7481181534e12ec0a25f16b6fcf419e"
  integrity sha1-M+JZA9dIEYFTThLsCiXxa2/PQZ4=
  dependencies:
    "@babel/highlight" "^7.8.3"

"@babel/helper-validator-identifier@^7.9.0":
  version "7.9.0"
  resolved "https://registry.npm.taobao.org/@babel/helper-validator-identifier/download/@babel/helper-validator-identifier-7.9.0.tgz?cache=0&other_urls=https%3A%2F%2Fregistry.npm.taobao.org%2F%40babel%2Fhelper-validator-identifier%2Fdownload%2F%40babel%2Fhelper-validator-identifier-7.9.0.tgz#ad53562a7fc29b3b9a91bbf7d10397fd146346ed"
  integrity sha1-rVNWKn/Cmzuakbv30QOX/RRjRu0=

"@babel/highlight@^7.8.3":
  version "7.9.0"
  resolved "https://registry.npm.taobao.org/@babel/highlight/download/@babel/highlight-7.9.0.tgz?cache=0&sync_timestamp=1584746125589&other_urls=https%3A%2F%2Fregistry.npm.taobao.org%2F%40babel%2Fhighlight%2Fdownload%2F%40babel%2Fhighlight-7.9.0.tgz#4e9b45ccb82b79607271b2979ad82c7b68163079"
  integrity sha1-TptFzLgreWBycbKXmtgse2gWMHk=
  dependencies:
    "@babel/helper-validator-identifier" "^7.9.0"
    chalk "^2.0.0"
    js-tokens "^4.0.0"

"@types/d3-array@*":
  version "2.0.0"
  resolved "https://registry.npm.taobao.org/@types/d3-array/download/@types/d3-array-2.0.0.tgz#a0d63a296a2d8435a9ec59393dcac746c6174a96"
  integrity sha1-oNY6KWothDWp7Fk5PcrHRsYXSpY=

"@types/d3-array@^1":
  version "1.2.7"
  resolved "https://registry.npm.taobao.org/@types/d3-array/download/@types/d3-array-1.2.7.tgz#34dc654d34fc058c41c31dbca1ed68071a8fcc17"
  integrity sha1-NNxlTTT8BYxBwx28oe1oBxqPzBc=

"@types/d3-axis@*":
  version "1.0.12"
  resolved "https://registry.npm.taobao.org/@types/d3-axis/download/@types/d3-axis-1.0.12.tgz#8c124edfcc02f3b3a9cdaa2a28b8a20341401799"
  integrity sha1-jBJO38wC87OpzaoqKLiiA0FAF5k=
  dependencies:
    "@types/d3-selection" "*"

"@types/d3-brush@*":
  version "1.1.0"
  resolved "https://registry.npm.taobao.org/@types/d3-brush/download/@types/d3-brush-1.1.0.tgz#3f1f01aa3d4d70aff2a358c49dd3295be10d774c"
  integrity sha1-Px8Bqj1NcK/yo1jEndMpW+ENd0w=
  dependencies:
    "@types/d3-selection" "*"

"@types/d3-chord@*":
  version "1.0.9"
  resolved "https://registry.npm.taobao.org/@types/d3-chord/download/@types/d3-chord-1.0.9.tgz#ccc5de03ff079025491b7aa6b750670a140b45ae"
  integrity sha1-zMXeA/8HkCVJG3qmt1BnChQLRa4=

"@types/d3-collection@*":
  version "1.0.8"
  resolved "https://registry.npm.taobao.org/@types/d3-collection/download/@types/d3-collection-1.0.8.tgz#aa9552c570a96e33c132e0fd20e331f64baa9dd5"
  integrity sha1-qpVSxXCpbjPBMuD9IOMx9kuqndU=

"@types/d3-color@*":
  version "1.2.2"
  resolved "https://registry.npm.taobao.org/@types/d3-color/download/@types/d3-color-1.2.2.tgz#80cf7cfff7401587b8f89307ba36fe4a576bc7cf"
  integrity sha1-gM98//dAFYe4+JMHujb+Sldrx88=

"@types/d3-contour@*":
  version "1.3.0"
  resolved "https://registry.npm.taobao.org/@types/d3-contour/download/@types/d3-contour-1.3.0.tgz#1a408b121fa5e341f715e3055303ef3079fc7eb0"
  integrity sha1-GkCLEh+l40H3FeMFUwPvMHn8frA=
  dependencies:
    "@types/d3-array" "*"
    "@types/geojson" "*"

"@types/d3-dispatch@*":
  version "1.0.7"
  resolved "https://registry.npm.taobao.org/@types/d3-dispatch/download/@types/d3-dispatch-1.0.7.tgz#6721aefbb9862ce78c20a87a1490c21f57c3ed7f"
  integrity sha1-ZyGu+7mGLOeMIKh6FJDCH1fD7X8=

"@types/d3-drag@*":
  version "1.2.3"
  resolved "https://registry.npm.taobao.org/@types/d3-drag/download/@types/d3-drag-1.2.3.tgz#d8ddccca28e939e9c689bea6f40a937e48c39051"
  integrity sha1-2N3MyijpOenGib6m9AqTfkjDkFE=
  dependencies:
    "@types/d3-selection" "*"

"@types/d3-dsv@*":
  version "1.0.36"
  resolved "https://registry.npm.taobao.org/@types/d3-dsv/download/@types/d3-dsv-1.0.36.tgz#e91129d7c02b1b814838d001e921e8b9a67153d0"
  integrity sha1-6REp18ArG4FIONAB6SHouaZxU9A=

"@types/d3-ease@*":
  version "1.0.9"
  resolved "https://registry.npm.taobao.org/@types/d3-ease/download/@types/d3-ease-1.0.9.tgz#1dd849bd7edef6426e915e220ed9970db5ea4e04"
  integrity sha1-HdhJvX7e9kJukV4iDtmXDbXqTgQ=

"@types/d3-fetch@*":
  version "1.1.5"
  resolved "https://registry.npm.taobao.org/@types/d3-fetch/download/@types/d3-fetch-1.1.5.tgz#51601f79dd4653b5d84e6a3176d78145e065db5e"
  integrity sha1-UWAfed1GU7XYTmoxdteBReBl214=
  dependencies:
    "@types/d3-dsv" "*"

"@types/d3-force@*":
  version "1.2.1"
  resolved "https://registry.npm.taobao.org/@types/d3-force/download/@types/d3-force-1.2.1.tgz#c28803ea36fe29788db69efa0ad6c2dc09544e83"
  integrity sha1-wogD6jb+KXiNtp76CtbC3AlUToM=

"@types/d3-format@*":
  version "1.3.1"
  resolved "https://registry.npm.taobao.org/@types/d3-format/download/@types/d3-format-1.3.1.tgz#35bf88264bd6bcda39251165bb827f67879c4384"
  integrity sha1-Nb+IJkvWvNo5JRFlu4J/Z4ecQ4Q=

"@types/d3-geo@*":
  version "1.11.1"
  resolved "https://registry.npm.taobao.org/@types/d3-geo/download/@types/d3-geo-1.11.1.tgz#e96ec91f16221d87507fec66b2cc889f52d2493e"
  integrity sha1-6W7JHxYiHYdQf+xmssyIn1LSST4=
  dependencies:
    "@types/geojson" "*"

"@types/d3-hierarchy@*":
  version "1.1.6"
  resolved "https://registry.npm.taobao.org/@types/d3-hierarchy/download/@types/d3-hierarchy-1.1.6.tgz#4c017521900813ea524c9ecb8d7985ec26a9ad9a"
  integrity sha1-TAF1IZAIE+pSTJ7LjXmF7CaprZo=

"@types/d3-interpolate@*":
  version "1.3.1"
  resolved "https://registry.npm.taobao.org/@types/d3-interpolate/download/@types/d3-interpolate-1.3.1.tgz#1c280511f622de9b0b47d463fa55f9a4fd6f5fc8"
  integrity sha1-HCgFEfYi3psLR9Rj+lX5pP1vX8g=
  dependencies:
    "@types/d3-color" "*"

"@types/d3-path@*":
  version "1.0.8"
  resolved "https://registry.npm.taobao.org/@types/d3-path/download/@types/d3-path-1.0.8.tgz#48e6945a8ff43ee0a1ce85c8cfa2337de85c7c79"
  integrity sha1-SOaUWo/0PuChzoXIz6IzfehcfHk=

"@types/d3-polygon@*":
  version "1.0.7"
  resolved "https://registry.npm.taobao.org/@types/d3-polygon/download/@types/d3-polygon-1.0.7.tgz#7b3947aa2d48287ff535230d3d396668ab17bfdf"
  integrity sha1-ezlHqi1IKH/1NSMNPTlmaKsXv98=

"@types/d3-quadtree@*":
  version "1.0.7"
  resolved "https://registry.npm.taobao.org/@types/d3-quadtree/download/@types/d3-quadtree-1.0.7.tgz#8e29464ff5b326f6612c1428d9362b4b35de2b70"
  integrity sha1-jilGT/WzJvZhLBQo2TYrSzXeK3A=

"@types/d3-random@*":
  version "1.1.2"
  resolved "https://registry.npm.taobao.org/@types/d3-random/download/@types/d3-random-1.1.2.tgz#6f77e8b7bb64ac393f92d33fe8f71038bc4f3cde"
  integrity sha1-b3fot7tkrDk/ktM/6PcQOLxPPN4=

"@types/d3-scale-chromatic@*":
  version "1.3.1"
  resolved "https://registry.npm.taobao.org/@types/d3-scale-chromatic/download/@types/d3-scale-chromatic-1.3.1.tgz#a294ae688634027870f0307bf8802f863aa2ddb3"
  integrity sha1-opSuaIY0Anhw8DB7+IAvhjqi3bM=

"@types/d3-scale@*":
  version "2.2.0"
  resolved "https://registry.npm.taobao.org/@types/d3-scale/download/@types/d3-scale-2.2.0.tgz#e5987a2857365823eb26ed5eb21bc566c4dcf1c0"
  integrity sha1-5Zh6KFc2WCPrJu1eshvFZsTc8cA=
  dependencies:
    "@types/d3-time" "*"

"@types/d3-selection@*":
  version "1.4.1"
  resolved "https://registry.npm.taobao.org/@types/d3-selection/download/@types/d3-selection-1.4.1.tgz#fa1f8710a6b5d7cfe5c6caa61d161be7cae4a022"
  integrity sha1-+h+HEKa118/lxsqmHRYb58rkoCI=

"@types/d3-shape@*":
  version "1.3.2"
  resolved "https://registry.npm.taobao.org/@types/d3-shape/download/@types/d3-shape-1.3.2.tgz#a41d9d6b10d02e221696b240caf0b5d0f5a588ec"
  integrity sha1-pB2daxDQLiIWlrJAyvC10PWliOw=
  dependencies:
    "@types/d3-path" "*"

"@types/d3-time-format@*":
  version "2.1.1"
  resolved "https://registry.npm.taobao.org/@types/d3-time-format/download/@types/d3-time-format-2.1.1.tgz#dd2c79ec4575f1355484ab6b10407824668eba42"
  integrity sha1-3Sx57EV18TVUhKtrEEB4JGaOukI=

"@types/d3-time@*":
  version "1.0.10"
  resolved "https://registry.npm.taobao.org/@types/d3-time/download/@types/d3-time-1.0.10.tgz#d338c7feac93a98a32aac875d1100f92c7b61f4f"
  integrity sha1-0zjH/qyTqYoyqsh10RAPkse2H08=

"@types/d3-timer@*":
  version "1.0.9"
  resolved "https://registry.npm.taobao.org/@types/d3-timer/download/@types/d3-timer-1.0.9.tgz#aed1bde0cf18920d33f5d44839d73de393633fd3"
  integrity sha1-rtG94M8Ykg0z9dRIOdc945NjP9M=

"@types/d3-transition@*":
  version "1.1.6"
  resolved "https://registry.npm.taobao.org/@types/d3-transition/download/@types/d3-transition-1.1.6.tgz#7e52da29749d874866cc803fad13925713a372da"
  integrity sha1-flLaKXSdh0hmzIA/rROSVxOjcto=
  dependencies:
    "@types/d3-selection" "*"

"@types/d3-voronoi@*":
  version "1.1.9"
  resolved "https://registry.npm.taobao.org/@types/d3-voronoi/download/@types/d3-voronoi-1.1.9.tgz#7bbc210818a3a5c5e0bafb051420df206617c9e5"
  integrity sha1-e7whCBijpcXguvsFFCDfIGYXyeU=

"@types/d3-zoom@*":
  version "1.7.4"
  resolved "https://registry.npm.taobao.org/@types/d3-zoom/download/@types/d3-zoom-1.7.4.tgz#9226ffd2bd3846ec0e4a4e2bff211612d3aafad5"
  integrity sha1-kib/0r04RuwOSk4r/yEWEtOq+tU=
  dependencies:
    "@types/d3-interpolate" "*"
    "@types/d3-selection" "*"

"@types/d3@^5.7.2":
  version "5.7.2"
  resolved "https://registry.npm.taobao.org/@types/d3/download/@types/d3-5.7.2.tgz#52235eb71a1d3ca171d6dca52a58f5ccbe0254cc"
  integrity sha1-UiNetxodPKFx1tylKlj1zL4CVMw=
  dependencies:
    "@types/d3-array" "^1"
    "@types/d3-axis" "*"
    "@types/d3-brush" "*"
    "@types/d3-chord" "*"
    "@types/d3-collection" "*"
    "@types/d3-color" "*"
    "@types/d3-contour" "*"
    "@types/d3-dispatch" "*"
    "@types/d3-drag" "*"
    "@types/d3-dsv" "*"
    "@types/d3-ease" "*"
    "@types/d3-fetch" "*"
    "@types/d3-force" "*"
    "@types/d3-format" "*"
    "@types/d3-geo" "*"
    "@types/d3-hierarchy" "*"
    "@types/d3-interpolate" "*"
    "@types/d3-path" "*"
    "@types/d3-polygon" "*"
    "@types/d3-quadtree" "*"
    "@types/d3-random" "*"
    "@types/d3-scale" "*"
    "@types/d3-scale-chromatic" "*"
    "@types/d3-selection" "*"
    "@types/d3-shape" "*"
    "@types/d3-time" "*"
    "@types/d3-time-format" "*"
    "@types/d3-timer" "*"
    "@types/d3-transition" "*"
    "@types/d3-voronoi" "*"
    "@types/d3-zoom" "*"

"@types/estree@*":
  version "0.0.44"
  resolved "https://registry.npm.taobao.org/@types/estree/download/@types/estree-0.0.44.tgz#980cc5a29a3ef3bea6ff1f7d021047d7ea575e21"
  integrity sha1-mAzFopo+876m/x99AhBH1+pXXiE=

"@types/geojson@*":
  version "7946.0.7"
  resolved "https://registry.npm.taobao.org/@types/geojson/download/@types/geojson-7946.0.7.tgz#c8fa532b60a0042219cdf173ca21a975ef0666ad"
  integrity sha1-yPpTK2CgBCIZzfFzyiGpde8GZq0=

"@types/node@*":
  version "13.9.3"
  resolved "https://registry.npm.taobao.org/@types/node/download/@types/node-13.9.3.tgz?cache=0&sync_timestamp=1584882808468&other_urls=https%3A%2F%2Fregistry.npm.taobao.org%2F%40types%2Fnode%2Fdownload%2F%40types%2Fnode-13.9.3.tgz#6356df2647de9eac569f9a52eda3480fa9e70b4d"
  integrity sha1-Y1bfJkfenqxWn5pS7aNID6nnC00=

"@types/resolve@0.0.8":
  version "0.0.8"
  resolved "https://registry.npm.taobao.org/@types/resolve/download/@types/resolve-0.0.8.tgz#f26074d238e02659e323ce1a13d041eee280e194"
  integrity sha1-8mB00jjgJlnjI84aE9BB7uKA4ZQ=
  dependencies:
    "@types/node" "*"

acorn@^7.1.0:
  version "7.1.1"
  resolved "https://registry.npm.taobao.org/acorn/download/acorn-7.1.1.tgz?cache=0&sync_timestamp=1583796451368&other_urls=https%3A%2F%2Fregistry.npm.taobao.org%2Facorn%2Fdownload%2Facorn-7.1.1.tgz#e35668de0b402f359de515c5482a1ab9f89a69bf"
  integrity sha1-41Zo3gtALzWd5RXFSCoaufiaab8=

ansi-styles@^3.2.1:
  version "3.2.1"
  resolved "https://registry.npm.taobao.org/ansi-styles/download/ansi-styles-3.2.1.tgz#41fbb20243e50b12be0f04b8dedbf07520ce841d"
  integrity sha1-QfuyAkPlCxK+DwS43tvwdSDOhB0=
  dependencies:
    color-convert "^1.9.0"

buffer-from@^1.0.0:
  version "1.1.1"
  resolved "https://registry.npm.taobao.org/buffer-from/download/buffer-from-1.1.1.tgz#32713bc028f75c02fdb710d7c7bcec1f2c6070ef"
  integrity sha1-MnE7wCj3XAL9txDXx7zsHyxgcO8=

builtin-modules@^3.1.0:
  version "3.1.0"
  resolved "https://registry.npm.taobao.org/builtin-modules/download/builtin-modules-3.1.0.tgz#aad97c15131eb76b65b50ef208e7584cd76a7484"
  integrity sha1-qtl8FRMet2tltQ7yCOdYTNdqdIQ=

chalk@^2.0.0:
  version "2.4.2"
  resolved "https://registry.npm.taobao.org/chalk/download/chalk-2.4.2.tgz?cache=0&sync_timestamp=1573282918610&other_urls=https%3A%2F%2Fregistry.npm.taobao.org%2Fchalk%2Fdownload%2Fchalk-2.4.2.tgz#cd42541677a54333cf541a49108c1432b44c9424"
  integrity sha1-zUJUFnelQzPPVBpJEIwUMrRMlCQ=
  dependencies:
    ansi-styles "^3.2.1"
    escape-string-regexp "^1.0.5"
    supports-color "^5.3.0"

color-convert@^1.9.0:
  version "1.9.3"
  resolved "https://registry.npm.taobao.org/color-convert/download/color-convert-1.9.3.tgz#bb71850690e1f136567de629d2d5471deda4c1e8"
  integrity sha1-u3GFBpDh8TZWfeYp0tVHHe2kweg=
  dependencies:
    color-name "1.1.3"

color-name@1.1.3:
  version "1.1.3"
  resolved "https://registry.npm.taobao.org/color-name/download/color-name-1.1.3.tgz#a7d0558bd89c42f795dd42328f740831ca53bc25"
  integrity sha1-p9BVi9icQveV3UIyj3QIMcpTvCU=

commander@2, commander@^2.20.0:
  version "2.20.3"
  resolved "https://registry.npm.taobao.org/commander/download/commander-2.20.3.tgz?cache=0&sync_timestamp=1584148407069&other_urls=https%3A%2F%2Fregistry.npm.taobao.org%2Fcommander%2Fdownload%2Fcommander-2.20.3.tgz#fd485e84c03eb4881c20722ba48035e8531aeb33"
  integrity sha1-/UhehMA+tIgcIHIrpIA16FMa6zM=

commondir@^1.0.1:
  version "1.0.1"
  resolved "https://registry.npm.taobao.org/commondir/download/commondir-1.0.1.tgz#ddd800da0c66127393cca5950ea968a3aaf1253b"
  integrity sha1-3dgA2gxmEnOTzKWVDqloo6rxJTs=

d3-array@1, d3-array@^1.1.1, d3-array@^1.2.0:
  version "1.2.4"
  resolved "https://registry.npm.taobao.org/d3-array/download/d3-array-1.2.4.tgz#635ce4d5eea759f6f605863dbcfc30edc737f71f"
  integrity sha1-Y1zk1e6nWfb2BYY9vPww7cc39x8=

d3-axis@1:
  version "1.0.12"
  resolved "https://registry.npm.taobao.org/d3-axis/download/d3-axis-1.0.12.tgz#cdf20ba210cfbb43795af33756886fb3638daac9"
  integrity sha1-zfILohDPu0N5WvM3Vohvs2ONqsk=

d3-brush@1:
  version "1.1.5"
  resolved "https://registry.npm.taobao.org/d3-brush/download/d3-brush-1.1.5.tgz?cache=0&sync_timestamp=1574264321125&other_urls=https%3A%2F%2Fregistry.npm.taobao.org%2Fd3-brush%2Fdownload%2Fd3-brush-1.1.5.tgz#066b8e84d17b192986030446c97c0fba7e1bacdc"
  integrity sha1-BmuOhNF7GSmGAwRGyXwPun4brNw=
  dependencies:
    d3-dispatch "1"
    d3-drag "1"
    d3-interpolate "1"
    d3-selection "1"
    d3-transition "1"

d3-chord@1:
  version "1.0.6"
  resolved "https://registry.npm.taobao.org/d3-chord/download/d3-chord-1.0.6.tgz#309157e3f2db2c752f0280fedd35f2067ccbb15f"
  integrity sha1-MJFX4/LbLHUvAoD+3TXyBnzLsV8=
  dependencies:
    d3-array "1"
    d3-path "1"

d3-collection@1:
  version "1.0.7"
  resolved "https://registry.npm.taobao.org/d3-collection/download/d3-collection-1.0.7.tgz#349bd2aa9977db071091c13144d5e4f16b5b310e"
  integrity sha1-NJvSqpl32wcQkcExRNXk8WtbMQ4=

d3-color@1:
  version "1.4.0"
  resolved "https://registry.npm.taobao.org/d3-color/download/d3-color-1.4.0.tgz#89c45a995ed773b13314f06460df26d60ba0ecaf"
  integrity sha1-icRamV7Xc7EzFPBkYN8m1gug7K8=

d3-contour@1:
  version "1.3.2"
  resolved "https://registry.npm.taobao.org/d3-contour/download/d3-contour-1.3.2.tgz#652aacd500d2264cb3423cee10db69f6f59bead3"
  integrity sha1-ZSqs1QDSJkyzQjzuENtp9vWb6tM=
  dependencies:
    d3-array "^1.1.1"

d3-dispatch@1:
  version "1.0.6"
  resolved "https://registry.npm.taobao.org/d3-dispatch/download/d3-dispatch-1.0.6.tgz#00d37bcee4dd8cd97729dd893a0ac29caaba5d58"
  integrity sha1-ANN7zuTdjNl3Kd2JOgrCnKq6XVg=

d3-drag@1:
  version "1.2.5"
  resolved "https://registry.npm.taobao.org/d3-drag/download/d3-drag-1.2.5.tgz#2537f451acd39d31406677b7dc77c82f7d988f70"
  integrity sha1-JTf0UazTnTFAZne33HfIL32Yj3A=
  dependencies:
    d3-dispatch "1"
    d3-selection "1"

d3-dsv@1:
  version "1.2.0"
  resolved "https://registry.npm.taobao.org/d3-dsv/download/d3-dsv-1.2.0.tgz#9d5f75c3a5f8abd611f74d3f5847b0d4338b885c"
  integrity sha1-nV91w6X4q9YR900/WEew1DOLiFw=
  dependencies:
    commander "2"
    iconv-lite "0.4"
    rw "1"

d3-ease@1:
  version "1.0.6"
  resolved "https://registry.npm.taobao.org/d3-ease/download/d3-ease-1.0.6.tgz#ebdb6da22dfac0a22222f2d4da06f66c416a0ec0"
  integrity sha1-69ttoi36wKIiIvLU2gb2bEFqDsA=

d3-fetch@1:
  version "1.1.2"
  resolved "https://registry.npm.taobao.org/d3-fetch/download/d3-fetch-1.1.2.tgz#957c8fbc6d4480599ba191b1b2518bf86b3e1be2"
  integrity sha1-lXyPvG1EgFmboZGxslGL+Gs+G+I=
  dependencies:
    d3-dsv "1"

d3-force@1:
  version "1.2.1"
  resolved "https://registry.npm.taobao.org/d3-force/download/d3-force-1.2.1.tgz#fd29a5d1ff181c9e7f0669e4bd72bdb0e914ec0b"
  integrity sha1-/Sml0f8YHJ5/BmnkvXK9sOkU7As=
  dependencies:
    d3-collection "1"
    d3-dispatch "1"
    d3-quadtree "1"
    d3-timer "1"

d3-format@1:
  version "1.4.3"
  resolved "https://registry.npm.taobao.org/d3-format/download/d3-format-1.4.3.tgz#4e8eb4dff3fdcb891a8489ec6e698601c41b96f1"
  integrity sha1-To603/P9y4kahInsbmmGAcQblvE=

d3-geo@1:
  version "1.11.9"
  resolved "https://registry.npm.taobao.org/d3-geo/download/d3-geo-1.11.9.tgz#77eaed14ba62fc2c0aef55cd2943849c866f7ae6"
  integrity sha1-d+rtFLpi/CwK71XNKUOEnIZveuY=
  dependencies:
    d3-array "1"

d3-hierarchy@1:
  version "1.1.9"
  resolved "https://registry.npm.taobao.org/d3-hierarchy/download/d3-hierarchy-1.1.9.tgz#2f6bee24caaea43f8dc37545fa01628559647a83"
  integrity sha1-L2vuJMqupD+Nw3VF+gFihVlkeoM=

d3-interpolate@1:
  version "1.4.0"
  resolved "https://registry.npm.taobao.org/d3-interpolate/download/d3-interpolate-1.4.0.tgz#526e79e2d80daa383f9e0c1c1c7dcc0f0583e987"
  integrity sha1-Um554tgNqjg/ngwcHH3MDwWD6Yc=
  dependencies:
    d3-color "1"

d3-path@1:
  version "1.0.9"
  resolved "https://registry.npm.taobao.org/d3-path/download/d3-path-1.0.9.tgz#48c050bb1fe8c262493a8caf5524e3e9591701cf"
  integrity sha1-SMBQux/owmJJOoyvVSTj6VkXAc8=

d3-polygon@1:
  version "1.0.6"
  resolved "https://registry.npm.taobao.org/d3-polygon/download/d3-polygon-1.0.6.tgz#0bf8cb8180a6dc107f518ddf7975e12abbfbd38e"
  integrity sha1-C/jLgYCm3BB/UY3feXXhKrv7044=

d3-quadtree@1:
  version "1.0.7"
  resolved "https://registry.npm.taobao.org/d3-quadtree/download/d3-quadtree-1.0.7.tgz#ca8b84df7bb53763fe3c2f24bd435137f4e53135"
  integrity sha1-youE33u1N2P+PC8kvUNRN/TlMTU=

d3-random@1:
  version "1.1.2"
  resolved "https://registry.npm.taobao.org/d3-random/download/d3-random-1.1.2.tgz#2833be7c124360bf9e2d3fd4f33847cfe6cab291"
  integrity sha1-KDO+fBJDYL+eLT/U8zhHz+bKspE=

d3-scale-chromatic@1:
  version "1.5.0"
  resolved "https://registry.npm.taobao.org/d3-scale-chromatic/download/d3-scale-chromatic-1.5.0.tgz#54e333fc78212f439b14641fb55801dd81135a98"
  integrity sha1-VOMz/HghL0ObFGQftVgB3YETWpg=
  dependencies:
    d3-color "1"
    d3-interpolate "1"

d3-scale@2:
  version "2.2.2"
  resolved "https://registry.npm.taobao.org/d3-scale/download/d3-scale-2.2.2.tgz?cache=0&other_urls=https%3A%2F%2Fregistry.npm.taobao.org%2Fd3-scale%2Fdownload%2Fd3-scale-2.2.2.tgz#4e880e0b2745acaaddd3ede26a9e908a9e17b81f"
  integrity sha1-TogOCydFrKrd0+3iap6Qip4XuB8=
  dependencies:
    d3-array "^1.2.0"
    d3-collection "1"
    d3-format "1"
    d3-interpolate "1"
    d3-time "1"
    d3-time-format "2"

d3-selection@1, d3-selection@^1.1.0:
  version "1.4.1"
  resolved "https://registry.npm.taobao.org/d3-selection/download/d3-selection-1.4.1.tgz?cache=0&sync_timestamp=1573957859667&other_urls=https%3A%2F%2Fregistry.npm.taobao.org%2Fd3-selection%2Fdownload%2Fd3-selection-1.4.1.tgz#98eedbbe085fbda5bafa2f9e3f3a2f4d7d622a98"
  integrity sha1-mO7bvghfvaW6+i+ePzovTX1iKpg=

d3-shape@1:
  version "1.3.7"
  resolved "https://registry.npm.taobao.org/d3-shape/download/d3-shape-1.3.7.tgz#df63801be07bc986bc54f63789b4fe502992b5d7"
  integrity sha1-32OAG+B7yYa8VPY3ibT+UCmStdc=
  dependencies:
    d3-path "1"

d3-time-format@2:
  version "2.2.3"
  resolved "https://registry.npm.taobao.org/d3-time-format/download/d3-time-format-2.2.3.tgz#0c9a12ee28342b2037e5ea1cf0b9eb4dd75f29cb"
  integrity sha1-DJoS7ig0KyA35eoc8LnrTddfKcs=
  dependencies:
    d3-time "1"

d3-time@1:
  version "1.1.0"
  resolved "https://registry.npm.taobao.org/d3-time/download/d3-time-1.1.0.tgz#b1e19d307dae9c900b7e5b25ffc5dcc249a8a0f1"
  integrity sha1-seGdMH2unJALflsl/8XcwkmooPE=

d3-timer@1:
  version "1.0.10"
  resolved "https://registry.npm.taobao.org/d3-timer/download/d3-timer-1.0.10.tgz#dfe76b8a91748831b13b6d9c793ffbd508dd9de5"
  integrity sha1-3+dripF0iDGxO22ceT/71QjdneU=

d3-transition@1:
  version "1.3.2"
  resolved "https://registry.npm.taobao.org/d3-transition/download/d3-transition-1.3.2.tgz#a98ef2151be8d8600543434c1ca80140ae23b398"
  integrity sha1-qY7yFRvo2GAFQ0NMHKgBQK4js5g=
  dependencies:
    d3-color "1"
    d3-dispatch "1"
    d3-ease "1"
    d3-interpolate "1"
    d3-selection "^1.1.0"
    d3-timer "1"

d3-voronoi@1:
  version "1.1.4"
  resolved "https://registry.npm.taobao.org/d3-voronoi/download/d3-voronoi-1.1.4.tgz#dd3c78d7653d2bb359284ae478645d95944c8297"
  integrity sha1-3Tx412U9K7NZKErkeGRdlZRMgpc=

d3-zoom@1:
  version "1.8.3"
  resolved "https://registry.npm.taobao.org/d3-zoom/download/d3-zoom-1.8.3.tgz#b6a3dbe738c7763121cd05b8a7795ffe17f4fc0a"
  integrity sha1-tqPb5zjHdjEhzQW4p3lf/hf0/Ao=
  dependencies:
    d3-dispatch "1"
    d3-drag "1"
    d3-interpolate "1"
    d3-selection "1"
    d3-transition "1"

d3@^5.12.0:
  version "5.15.0"
  resolved "https://registry.npm.taobao.org/d3/download/d3-5.15.0.tgz?cache=0&sync_timestamp=1577639429880&other_urls=https%3A%2F%2Fregistry.npm.taobao.org%2Fd3%2Fdownload%2Fd3-5.15.0.tgz#ffd44958e6a3cb8a59a84429c45429b8bca5677a"
  integrity sha1-/9RJWOajy4pZqEQpxFQpuLylZ3o=
  dependencies:
    d3-array "1"
    d3-axis "1"
    d3-brush "1"
    d3-chord "1"
    d3-collection "1"
    d3-color "1"
    d3-contour "1"
    d3-dispatch "1"
    d3-drag "1"
    d3-dsv "1"
    d3-ease "1"
    d3-fetch "1"
    d3-force "1"
    d3-format "1"
    d3-geo "1"
    d3-hierarchy "1"
    d3-interpolate "1"
    d3-path "1"
    d3-polygon "1"
    d3-quadtree "1"
    d3-random "1"
    d3-scale "2"
    d3-scale-chromatic "1"
    d3-selection "1"
    d3-shape "1"
    d3-time "1"
    d3-time-format "2"
    d3-timer "1"
    d3-transition "1"
    d3-voronoi "1"
    d3-zoom "1"

escape-string-regexp@^1.0.5:
  version "1.0.5"
  resolved "https://registry.npm.taobao.org/escape-string-regexp/download/escape-string-regexp-1.0.5.tgz#1b61c0562190a8dff6ae3bb2cf0200ca130b86d4"
  integrity sha1-G2HAViGQqN/2rjuyzwIAyhMLhtQ=

estree-walker@^0.6.1:
  version "0.6.1"
  resolved "https://registry.npm.taobao.org/estree-walker/download/estree-walker-0.6.1.tgz#53049143f40c6eb918b23671d1fe3219f3a1b362"
  integrity sha1-UwSRQ/QMbrkYsjZx0f4yGfOhs2I=

find-cache-dir@^3.0.0:
  version "3.3.1"
  resolved "https://registry.npm.taobao.org/find-cache-dir/download/find-cache-dir-3.3.1.tgz?cache=0&sync_timestamp=1583734687174&other_urls=https%3A%2F%2Fregistry.npm.taobao.org%2Ffind-cache-dir%2Fdownload%2Ffind-cache-dir-3.3.1.tgz#89b33fad4a4670daa94f855f7fbe31d6d84fe880"
  integrity sha1-ibM/rUpGcNqpT4Vff74x1thP6IA=
  dependencies:
    commondir "^1.0.1"
    make-dir "^3.0.2"
    pkg-dir "^4.1.0"

find-up@^4.0.0:
  version "4.1.0"
  resolved "https://registry.npm.taobao.org/find-up/download/find-up-4.1.0.tgz#97afe7d6cdc0bc5928584b7c8d7b16e8a9aa5d19"
  integrity sha1-l6/n1s3AvFkoWEt8jXsW6KmqXRk=
  dependencies:
    locate-path "^5.0.0"
    path-exists "^4.0.0"

fs-extra@8.1.0:
  version "8.1.0"
  resolved "https://registry.npm.taobao.org/fs-extra/download/fs-extra-8.1.0.tgz?cache=0&sync_timestamp=1584632194837&other_urls=https%3A%2F%2Fregistry.npm.taobao.org%2Ffs-extra%2Fdownload%2Ffs-extra-8.1.0.tgz#49d43c45a88cd9677668cb7be1b46efdb8d2e1c0"
  integrity sha1-SdQ8RaiM2Wd2aMt74bRu/bjS4cA=
  dependencies:
    graceful-fs "^4.2.0"
    jsonfile "^4.0.0"
    universalify "^0.1.0"

graceful-fs@^4.1.6, graceful-fs@^4.2.0:
  version "4.2.3"
  resolved "https://registry.npm.taobao.org/graceful-fs/download/graceful-fs-4.2.3.tgz#4a12ff1b60376ef09862c2093edd908328be8423"
  integrity sha1-ShL/G2A3bvCYYsIJPt2Qgyi+hCM=

has-flag@^3.0.0:
  version "3.0.0"
  resolved "https://registry.npm.taobao.org/has-flag/download/has-flag-3.0.0.tgz#b5d454dc2199ae225699f3467e5a07f3b955bafd"
  integrity sha1-tdRU3CGZriJWmfNGfloH87lVuv0=

iconv-lite@0.4:
  version "0.4.24"
  resolved "https://registry.npm.taobao.org/iconv-lite/download/iconv-lite-0.4.24.tgz?cache=0&sync_timestamp=1579333981154&other_urls=https%3A%2F%2Fregistry.npm.taobao.org%2Ficonv-lite%2Fdownload%2Ficonv-lite-0.4.24.tgz#2022b4b25fbddc21d2f524974a474aafe733908b"
  integrity sha1-ICK0sl+93CHS9SSXSkdKr+czkIs=
  dependencies:
    safer-buffer ">= 2.1.2 < 3"

is-module@^1.0.0:
  version "1.0.0"
  resolved "https://registry.npm.taobao.org/is-module/download/is-module-1.0.0.tgz#3258fb69f78c14d5b815d664336b4cffb6441591"
  integrity sha1-Mlj7afeMFNW4FdZkM2tM/7ZEFZE=

jest-worker@^24.9.0:
  version "24.9.0"
  resolved "https://registry.npm.taobao.org/jest-worker/download/jest-worker-24.9.0.tgz?cache=0&sync_timestamp=1579655057394&other_urls=https%3A%2F%2Fregistry.npm.taobao.org%2Fjest-worker%2Fdownload%2Fjest-worker-24.9.0.tgz#5dbfdb5b2d322e98567898238a9697bcce67b3e5"
  integrity sha1-Xb/bWy0yLphWeJgjipaXvM5ns+U=
  dependencies:
    merge-stream "^2.0.0"
    supports-color "^6.1.0"

js-tokens@^4.0.0:
  version "4.0.0"
  resolved "https://registry.npm.taobao.org/js-tokens/download/js-tokens-4.0.0.tgz#19203fb59991df98e3a287050d4647cdeaf32499"
  integrity sha1-GSA/tZmR35jjoocFDUZHzerzJJk=

jsonfile@^4.0.0:
  version "4.0.0"
  resolved "https://registry.npm.taobao.org/jsonfile/download/jsonfile-4.0.0.tgz?cache=0&sync_timestamp=1583593905130&other_urls=https%3A%2F%2Fregistry.npm.taobao.org%2Fjsonfile%2Fdownload%2Fjsonfile-4.0.0.tgz#8771aae0799b64076b76640fca058f9c10e33ecb"
  integrity sha1-h3Gq4HmbZAdrdmQPygWPnBDjPss=
  optionalDependencies:
    graceful-fs "^4.1.6"

locate-path@^5.0.0:
  version "5.0.0"
  resolved "https://registry.npm.taobao.org/locate-path/download/locate-path-5.0.0.tgz#1afba396afd676a6d42504d0a67a3a7eb9f62aa0"
  integrity sha1-Gvujlq/WdqbUJQTQpno6frn2KqA=
  dependencies:
    p-locate "^4.1.0"

make-dir@^3.0.2:
  version "3.0.2"
  resolved "https://registry.npm.taobao.org/make-dir/download/make-dir-3.0.2.tgz#04a1acbf22221e1d6ef43559f43e05a90dbb4392"
  integrity sha1-BKGsvyIiHh1u9DVZ9D4FqQ27Q5I=
  dependencies:
    semver "^6.0.0"

merge-stream@^2.0.0:
  version "2.0.0"
  resolved "https://registry.npm.taobao.org/merge-stream/download/merge-stream-2.0.0.tgz#52823629a14dd00c9770fb6ad47dc6310f2c1f60"
  integrity sha1-UoI2KaFN0AyXcPtq1H3GMQ8sH2A=

p-limit@^2.2.0:
  version "2.2.2"
  resolved "https://registry.npm.taobao.org/p-limit/download/p-limit-2.2.2.tgz?cache=0&sync_timestamp=1577904218145&other_urls=https%3A%2F%2Fregistry.npm.taobao.org%2Fp-limit%2Fdownload%2Fp-limit-2.2.2.tgz#61279b67721f5287aa1c13a9a7fbbc48c9291b1e"
  integrity sha1-YSebZ3IfUoeqHBOpp/u8SMkpGx4=
  dependencies:
    p-try "^2.0.0"

p-locate@^4.1.0:
  version "4.1.0"
  resolved "https://registry.npm.taobao.org/p-locate/download/p-locate-4.1.0.tgz#a3428bb7088b3a60292f66919278b7c297ad4f07"
  integrity sha1-o0KLtwiLOmApL2aRkni3wpetTwc=
  dependencies:
    p-limit "^2.2.0"

p-try@^2.0.0:
  version "2.2.0"
  resolved "https://registry.npm.taobao.org/p-try/download/p-try-2.2.0.tgz#cb2868540e313d61de58fafbe35ce9004d5540e6"
  integrity sha1-yyhoVA4xPWHeWPr741zpAE1VQOY=

path-exists@^4.0.0:
  version "4.0.0"
  resolved "https://registry.npm.taobao.org/path-exists/download/path-exists-4.0.0.tgz#513bdbe2d3b95d7762e8c1137efa195c6c61b5b3"
  integrity sha1-UTvb4tO5XXdi6METfvoZXGxhtbM=

path-parse@^1.0.6:
  version "1.0.6"
  resolved "https://registry.npm.taobao.org/path-parse/download/path-parse-1.0.6.tgz#d62dbb5679405d72c4737ec58600e9ddcf06d24c"
  integrity sha1-1i27VnlAXXLEc37FhgDp3c8G0kw=

pkg-dir@^4.1.0:
  version "4.2.0"
  resolved "https://registry.npm.taobao.org/pkg-dir/download/pkg-dir-4.2.0.tgz#f099133df7ede422e81d1d8448270eeb3e4261f3"
  integrity sha1-8JkTPfft5CLoHR2ESCcO6z5CYfM=
  dependencies:
    find-up "^4.0.0"

resolve@1.12.0:
  version "1.12.0"
  resolved "https://registry.npm.taobao.org/resolve/download/resolve-1.12.0.tgz?cache=0&sync_timestamp=1580944242910&other_urls=https%3A%2F%2Fregistry.npm.taobao.org%2Fresolve%2Fdownload%2Fresolve-1.12.0.tgz#3fc644a35c84a48554609ff26ec52b66fa577df6"
  integrity sha1-P8ZEo1yEpIVUYJ/ybsUrZvpXffY=
  dependencies:
    path-parse "^1.0.6"

resolve@^1.11.1:
  version "1.15.1"
  resolved "https://registry.npm.taobao.org/resolve/download/resolve-1.15.1.tgz?cache=0&sync_timestamp=1580944242910&other_urls=https%3A%2F%2Fregistry.npm.taobao.org%2Fresolve%2Fdownload%2Fresolve-1.15.1.tgz#27bdcdeffeaf2d6244b95bb0f9f4b4653451f3e8"
  integrity sha1-J73N7/6vLWJEuVuw+fS0ZTRR8+g=
  dependencies:
    path-parse "^1.0.6"

rollup-plugin-json@^4.0.0:
  version "4.0.0"
  resolved "https://registry.npm.taobao.org/rollup-plugin-json/download/rollup-plugin-json-4.0.0.tgz#a18da0a4b30bf5ca1ee76ddb1422afbb84ae2b9e"
  integrity sha1-oY2gpLML9coe523bFCKvu4SuK54=
  dependencies:
    rollup-pluginutils "^2.5.0"

rollup-plugin-node-resolve@^5.2.0:
  version "5.2.0"
  resolved "https://registry.npm.taobao.org/rollup-plugin-node-resolve/download/rollup-plugin-node-resolve-5.2.0.tgz#730f93d10ed202473b1fb54a5997a7db8c6d8523"
  integrity sha1-cw+T0Q7SAkc7H7VKWZen24xthSM=
  dependencies:
    "@types/resolve" "0.0.8"
    builtin-modules "^3.1.0"
    is-module "^1.0.0"
    resolve "^1.11.1"
    rollup-pluginutils "^2.8.1"

rollup-plugin-terser@^5.1.2:
  version "5.3.0"
  resolved "https://registry.npm.taobao.org/rollup-plugin-terser/download/rollup-plugin-terser-5.3.0.tgz#9c0dd33d5771df9630cd027d6a2559187f65885e"
  integrity sha1-nA3TPVdx35YwzQJ9aiVZGH9liF4=
  dependencies:
    "@babel/code-frame" "^7.5.5"
    jest-worker "^24.9.0"
    rollup-pluginutils "^2.8.2"
    serialize-javascript "^2.1.2"
    terser "^4.6.2"

rollup-plugin-typescript2@^0.25.2:
  version "0.25.3"
  resolved "https://registry.npm.taobao.org/rollup-plugin-typescript2/download/rollup-plugin-typescript2-0.25.3.tgz?cache=0&sync_timestamp=1581472521538&other_urls=https%3A%2F%2Fregistry.npm.taobao.org%2Frollup-plugin-typescript2%2Fdownload%2Frollup-plugin-typescript2-0.25.3.tgz#a5fb2f0f85488789334ce540abe6c7011cbdf40f"
  integrity sha1-pfsvD4VIh4kzTOVAq+bHARy99A8=
  dependencies:
    find-cache-dir "^3.0.0"
    fs-extra "8.1.0"
    resolve "1.12.0"
    rollup-pluginutils "2.8.1"
    tslib "1.10.0"

rollup-pluginutils@2.8.1:
  version "2.8.1"
  resolved "https://registry.npm.taobao.org/rollup-pluginutils/download/rollup-pluginutils-2.8.1.tgz#8fa6dd0697344938ef26c2c09d2488ce9e33ce97"
  integrity sha1-j6bdBpc0STjvJsLAnSSIzp4zzpc=
  dependencies:
    estree-walker "^0.6.1"

rollup-pluginutils@^2.5.0, rollup-pluginutils@^2.8.1, rollup-pluginutils@^2.8.2:
  version "2.8.2"
  resolved "https://registry.npm.taobao.org/rollup-pluginutils/download/rollup-pluginutils-2.8.2.tgz#72f2af0748b592364dbd3389e600e5a9444a351e"
  integrity sha1-cvKvB0i1kjZNvTOJ5gDlqURKNR4=
  dependencies:
    estree-walker "^0.6.1"

rollup@^1.26.3:
  version "1.32.1"
  resolved "https://registry.npm.taobao.org/rollup/download/rollup-1.32.1.tgz?cache=0&sync_timestamp=1584509169559&other_urls=https%3A%2F%2Fregistry.npm.taobao.org%2Frollup%2Fdownload%2Frollup-1.32.1.tgz#4480e52d9d9e2ae4b46ba0d9ddeaf3163940f9c4"
  integrity sha1-RIDlLZ2eKuS0a6DZ3erzFjlA+cQ=
  dependencies:
    "@types/estree" "*"
    "@types/node" "*"
    acorn "^7.1.0"

rw@1:
  version "1.3.3"
  resolved "https://registry.npm.taobao.org/rw/download/rw-1.3.3.tgz#3f862dfa91ab766b14885ef4d01124bfda074fb4"
  integrity sha1-P4Yt+pGrdmsUiF700BEkv9oHT7Q=

"safer-buffer@>= 2.1.2 < 3":
  version "2.1.2"
  resolved "https://registry.npm.taobao.org/safer-buffer/download/safer-buffer-2.1.2.tgz#44fa161b0187b9549dd84bb91802f9bd8385cd6a"
  integrity sha1-RPoWGwGHuVSd2Eu5GAL5vYOFzWo=

semver@^6.0.0:
  version "6.3.0"
  resolved "https://registry.npm.taobao.org/semver/download/semver-6.3.0.tgz#ee0a64c8af5e8ceea67687b133761e1becbd1d3d"
  integrity sha1-7gpkyK9ejO6mdoexM3YeG+y9HT0=

serialize-javascript@^2.1.2:
  version "2.1.2"
  resolved "https://registry.npm.taobao.org/serialize-javascript/download/serialize-javascript-2.1.2.tgz#ecec53b0e0317bdc95ef76ab7074b7384785fa61"
  integrity sha1-7OxTsOAxe9yV73arcHS3OEeF+mE=

source-map-support@~0.5.12:
  version "0.5.16"
  resolved "https://registry.npm.taobao.org/source-map-support/download/source-map-support-0.5.16.tgz#0ae069e7fe3ba7538c64c98515e35339eac5a042"
  integrity sha1-CuBp5/47p1OMZMmFFeNTOerFoEI=
  dependencies:
    buffer-from "^1.0.0"
    source-map "^0.6.0"

source-map@^0.6.0, source-map@~0.6.1:
  version "0.6.1"
  resolved "https://registry.npm.taobao.org/source-map/download/source-map-0.6.1.tgz#74722af32e9614e9c287a8d0bbde48b5e2f1a263"
  integrity sha1-dHIq8y6WFOnCh6jQu95IteLxomM=

supports-color@^5.3.0:
  version "5.5.0"
  resolved "https://registry.npm.taobao.org/supports-color/download/supports-color-5.5.0.tgz?cache=0&sync_timestamp=1569557271992&other_urls=https%3A%2F%2Fregistry.npm.taobao.org%2Fsupports-color%2Fdownload%2Fsupports-color-5.5.0.tgz#e2e69a44ac8772f78a1ec0b35b689df6530efc8f"
  integrity sha1-4uaaRKyHcveKHsCzW2id9lMO/I8=
  dependencies:
    has-flag "^3.0.0"

supports-color@^6.1.0:
  version "6.1.0"
  resolved "https://registry.npm.taobao.org/supports-color/download/supports-color-6.1.0.tgz?cache=0&sync_timestamp=1569557271992&other_urls=https%3A%2F%2Fregistry.npm.taobao.org%2Fsupports-color%2Fdownload%2Fsupports-color-6.1.0.tgz#0764abc69c63d5ac842dd4867e8d025e880df8f3"
  integrity sha1-B2Srxpxj1ayELdSGfo0CXogN+PM=
  dependencies:
    has-flag "^3.0.0"

terser@^4.6.2:
  version "4.6.7"
  resolved "https://registry.npm.taobao.org/terser/download/terser-4.6.7.tgz#478d7f9394ec1907f0e488c5f6a6a9a2bad55e72"
  integrity sha1-R41/k5TsGQfw5IjF9qaporrVXnI=
  dependencies:
    commander "^2.20.0"
    source-map "~0.6.1"
    source-map-support "~0.5.12"

tslib@1.10.0:
  version "1.10.0"
  resolved "https://registry.npm.taobao.org/tslib/download/tslib-1.10.0.tgz?cache=0&sync_timestamp=1582832152814&other_urls=https%3A%2F%2Fregistry.npm.taobao.org%2Ftslib%2Fdownload%2Ftslib-1.10.0.tgz#c3c19f95973fb0a62973fb09d90d961ee43e5c8a"
  integrity sha1-w8GflZc/sKYpc/sJ2Q2WHuQ+XIo=

typescript@^3.7.2:
  version "3.8.3"
  resolved "https://registry.npm.taobao.org/typescript/download/typescript-3.8.3.tgz#409eb8544ea0335711205869ec458ab109ee1061"
  integrity sha1-QJ64VE6gM1cRIFhp7EWKsQnuEGE=

universalify@^0.1.0:
  version "0.1.2"
  resolved "https://registry.npm.taobao.org/universalify/download/universalify-0.1.2.tgz#b646f69be3942dabcecc9d6639c80dc105efaa66"
  integrity sha1-tkb2m+OULavOzJ1mOcgNwQXvqmY=
